// !$*UTF8*$!
{
	archiveVersion = 1;
	classes = {
	};
	objectVersion = 46;
	objects = {

/* Begin PBXBuildFile section */
		D03ED1F219C42A960057B927 /* AppDelegate.swift in Sources */ = {isa = PBXBuildFile; fileRef = D03ED1F119C42A960057B927 /* AppDelegate.swift */; };
		D03ED1F519C42A960057B927 /* GigCarousel.xcdatamodeld in Sources */ = {isa = PBXBuildFile; fileRef = D03ED1F319C42A960057B927 /* GigCarousel.xcdatamodeld */; };
		D03ED1FA19C42A960057B927 /* Main.storyboard in Resources */ = {isa = PBXBuildFile; fileRef = D03ED1F819C42A960057B927 /* Main.storyboard */; };
		D03ED1FC19C42A960057B927 /* Images.xcassets in Resources */ = {isa = PBXBuildFile; fileRef = D03ED1FB19C42A960057B927 /* Images.xcassets */; };
		D03ED1FF19C42A960057B927 /* LaunchScreen.xib in Resources */ = {isa = PBXBuildFile; fileRef = D03ED1FD19C42A960057B927 /* LaunchScreen.xib */; };
		D03ED20B19C42A960057B927 /* GigCarouselTests.swift in Sources */ = {isa = PBXBuildFile; fileRef = D03ED20A19C42A960057B927 /* GigCarouselTests.swift */; };
		D03ED21519C42B4A0057B927 /* GigTimelineViewController.swift in Sources */ = {isa = PBXBuildFile; fileRef = D03ED21419C42B4A0057B927 /* GigTimelineViewController.swift */; };
		D03ED21919C57E390057B927 /* GigCell.swift in Sources */ = {isa = PBXBuildFile; fileRef = D03ED21819C57E390057B927 /* GigCell.swift */; };
		D03ED21D19C580070057B927 /* TemplateIcon2x.png in Resources */ = {isa = PBXBuildFile; fileRef = D03ED21B19C580070057B927 /* TemplateIcon2x.png */; };
		D03ED23719C58A5C0057B927 /* 1Star.png in Resources */ = {isa = PBXBuildFile; fileRef = D03ED21F19C58A5C0057B927 /* 1Star.png */; };
		D03ED23819C58A5C0057B927 /* 1Star@2x.png in Resources */ = {isa = PBXBuildFile; fileRef = D03ED22019C58A5C0057B927 /* 1Star@2x.png */; };
		D03ED23919C58A5C0057B927 /* 1StarSmall.png in Resources */ = {isa = PBXBuildFile; fileRef = D03ED22119C58A5C0057B927 /* 1StarSmall.png */; };
		D03ED23A19C58A5C0057B927 /* 1StarSmall@2x.png in Resources */ = {isa = PBXBuildFile; fileRef = D03ED22219C58A5C0057B927 /* 1StarSmall@2x.png */; };
		D03ED23B19C58A5C0057B927 /* 2Stars.png in Resources */ = {isa = PBXBuildFile; fileRef = D03ED22319C58A5C0057B927 /* 2Stars.png */; };
		D03ED23C19C58A5C0057B927 /* 2Stars@2x.png in Resources */ = {isa = PBXBuildFile; fileRef = D03ED22419C58A5C0057B927 /* 2Stars@2x.png */; };
		D03ED23D19C58A5C0057B927 /* 2StarsSmall.png in Resources */ = {isa = PBXBuildFile; fileRef = D03ED22519C58A5C0057B927 /* 2StarsSmall.png */; };
		D03ED23E19C58A5C0057B927 /* 2StarsSmall@2x.png in Resources */ = {isa = PBXBuildFile; fileRef = D03ED22619C58A5C0057B927 /* 2StarsSmall@2x.png */; };
		D03ED23F19C58A5C0057B927 /* 3Stars.png in Resources */ = {isa = PBXBuildFile; fileRef = D03ED22719C58A5C0057B927 /* 3Stars.png */; };
		D03ED24019C58A5C0057B927 /* 3Stars@2x.png in Resources */ = {isa = PBXBuildFile; fileRef = D03ED22819C58A5C0057B927 /* 3Stars@2x.png */; };
		D03ED24119C58A5C0057B927 /* 3StarsSmall.png in Resources */ = {isa = PBXBuildFile; fileRef = D03ED22919C58A5C0057B927 /* 3StarsSmall.png */; };
		D03ED24219C58A5C0057B927 /* 3StarsSmall@2x.png in Resources */ = {isa = PBXBuildFile; fileRef = D03ED22A19C58A5C0057B927 /* 3StarsSmall@2x.png */; };
		D03ED24319C58A5C0057B927 /* 4Stars.png in Resources */ = {isa = PBXBuildFile; fileRef = D03ED22B19C58A5C0057B927 /* 4Stars.png */; };
		D03ED24419C58A5C0057B927 /* 4Stars@2x.png in Resources */ = {isa = PBXBuildFile; fileRef = D03ED22C19C58A5C0057B927 /* 4Stars@2x.png */; };
		D03ED24519C58A5C0057B927 /* 4StarsSmall.png in Resources */ = {isa = PBXBuildFile; fileRef = D03ED22D19C58A5C0057B927 /* 4StarsSmall.png */; };
		D03ED24619C58A5C0057B927 /* 4StarsSmall@2x.png in Resources */ = {isa = PBXBuildFile; fileRef = D03ED22E19C58A5C0057B927 /* 4StarsSmall@2x.png */; };
		D03ED24719C58A5C0057B927 /* 5Stars.png in Resources */ = {isa = PBXBuildFile; fileRef = D03ED22F19C58A5C0057B927 /* 5Stars.png */; };
		D03ED24819C58A5C0057B927 /* 5Stars@2x.png in Resources */ = {isa = PBXBuildFile; fileRef = D03ED23019C58A5C0057B927 /* 5Stars@2x.png */; };
		D03ED24919C58A5C0057B927 /* 5StarsSmall.png in Resources */ = {isa = PBXBuildFile; fileRef = D03ED23119C58A5C0057B927 /* 5StarsSmall.png */; };
		D03ED24A19C58A5C0057B927 /* 5StarsSmall@2x.png in Resources */ = {isa = PBXBuildFile; fileRef = D03ED23219C58A5C0057B927 /* 5StarsSmall@2x.png */; };
		D03ED24B19C58A5C0057B927 /* Gestures.png in Resources */ = {isa = PBXBuildFile; fileRef = D03ED23319C58A5C0057B927 /* Gestures.png */; };
		D03ED24C19C58A5C0057B927 /* Gestures@2x.png in Resources */ = {isa = PBXBuildFile; fileRef = D03ED23419C58A5C0057B927 /* Gestures@2x.png */; };
		D03ED24D19C58A5C0057B927 /* Players.png in Resources */ = {isa = PBXBuildFile; fileRef = D03ED23519C58A5C0057B927 /* Players.png */; };
		D03ED24E19C58A5C0057B927 /* Players@2x.png in Resources */ = {isa = PBXBuildFile; fileRef = D03ED23619C58A5C0057B927 /* Players@2x.png */; };
		D03ED25219C8D8700057B927 /* AddEditGigViewController.swift in Sources */ = {isa = PBXBuildFile; fileRef = D03ED25119C8D8700057B927 /* AddEditGigViewController.swift */; };
		D0BD908419CB53FC0051E1AA /* GigTimeline.swift in Sources */ = {isa = PBXBuildFile; fileRef = D0BD908319CB53FC0051E1AA /* GigTimeline.swift */; };
		D0D9675019CD9EE2004E48AA /* Gig.swift in Sources */ = {isa = PBXBuildFile; fileRef = D0D9674F19CD9EE2004E48AA /* Gig.swift */; };
		D0D9675219CD9F2B004E48AA /* Artist.swift in Sources */ = {isa = PBXBuildFile; fileRef = D0D9675119CD9F2B004E48AA /* Artist.swift */; };
		D0D9675419CD9F2B004E48AA /* Performance.swift in Sources */ = {isa = PBXBuildFile; fileRef = D0D9675319CD9F2B004E48AA /* Performance.swift */; };
/* End PBXBuildFile section */

/* Begin PBXContainerItemProxy section */
		D03ED20519C42A960057B927 /* PBXContainerItemProxy */ = {
			isa = PBXContainerItemProxy;
			containerPortal = D03ED1E419C42A960057B927 /* Project object */;
			proxyType = 1;
			remoteGlobalIDString = D03ED1EB19C42A960057B927;
			remoteInfo = GigCarousel;
		};
/* End PBXContainerItemProxy section */

/* Begin PBXFileReference section */
		D03ED1EC19C42A960057B927 /* GigCarousel.app */ = {isa = PBXFileReference; explicitFileType = wrapper.application; includeInIndex = 0; path = GigCarousel.app; sourceTree = BUILT_PRODUCTS_DIR; };
		D03ED1F019C42A960057B927 /* Info.plist */ = {isa = PBXFileReference; lastKnownFileType = text.plist.xml; path = Info.plist; sourceTree = "<group>"; };
		D03ED1F119C42A960057B927 /* AppDelegate.swift */ = {isa = PBXFileReference; lastKnownFileType = sourcecode.swift; path = AppDelegate.swift; sourceTree = "<group>"; };
		D03ED1F419C42A960057B927 /* GigCarousel.xcdatamodel */ = {isa = PBXFileReference; lastKnownFileType = wrapper.xcdatamodel; path = GigCarousel.xcdatamodel; sourceTree = "<group>"; };
		D03ED1F919C42A960057B927 /* Base */ = {isa = PBXFileReference; lastKnownFileType = file.storyboard; name = Base; path = Base.lproj/Main.storyboard; sourceTree = "<group>"; };
		D03ED1FB19C42A960057B927 /* Images.xcassets */ = {isa = PBXFileReference; lastKnownFileType = folder.assetcatalog; path = Images.xcassets; sourceTree = "<group>"; };
		D03ED1FE19C42A960057B927 /* Base */ = {isa = PBXFileReference; lastKnownFileType = file.xib; name = Base; path = Base.lproj/LaunchScreen.xib; sourceTree = "<group>"; };
		D03ED20419C42A960057B927 /* GigCarouselTests.xctest */ = {isa = PBXFileReference; explicitFileType = wrapper.cfbundle; includeInIndex = 0; path = GigCarouselTests.xctest; sourceTree = BUILT_PRODUCTS_DIR; };
		D03ED20919C42A960057B927 /* Info.plist */ = {isa = PBXFileReference; lastKnownFileType = text.plist.xml; path = Info.plist; sourceTree = "<group>"; };
		D03ED20A19C42A960057B927 /* GigCarouselTests.swift */ = {isa = PBXFileReference; lastKnownFileType = sourcecode.swift; path = GigCarouselTests.swift; sourceTree = "<group>"; };
		D03ED21419C42B4A0057B927 /* GigTimelineViewController.swift */ = {isa = PBXFileReference; fileEncoding = 4; lastKnownFileType = sourcecode.swift; path = GigTimelineViewController.swift; sourceTree = "<group>"; };
		D03ED21819C57E390057B927 /* GigCell.swift */ = {isa = PBXFileReference; fileEncoding = 4; lastKnownFileType = sourcecode.swift; path = GigCell.swift; sourceTree = "<group>"; };
		D03ED21B19C580070057B927 /* TemplateIcon2x.png */ = {isa = PBXFileReference; lastKnownFileType = image.png; path = TemplateIcon2x.png; sourceTree = "<group>"; };
		D03ED21F19C58A5C0057B927 /* 1Star.png */ = {isa = PBXFileReference; lastKnownFileType = image.png; path = 1Star.png; sourceTree = "<group>"; };
		D03ED22019C58A5C0057B927 /* 1Star@2x.png */ = {isa = PBXFileReference; lastKnownFileType = image.png; path = "1Star@2x.png"; sourceTree = "<group>"; };
		D03ED22119C58A5C0057B927 /* 1StarSmall.png */ = {isa = PBXFileReference; lastKnownFileType = image.png; path = 1StarSmall.png; sourceTree = "<group>"; };
		D03ED22219C58A5C0057B927 /* 1StarSmall@2x.png */ = {isa = PBXFileReference; lastKnownFileType = image.png; path = "1StarSmall@2x.png"; sourceTree = "<group>"; };
		D03ED22319C58A5C0057B927 /* 2Stars.png */ = {isa = PBXFileReference; lastKnownFileType = image.png; path = 2Stars.png; sourceTree = "<group>"; };
		D03ED22419C58A5C0057B927 /* 2Stars@2x.png */ = {isa = PBXFileReference; lastKnownFileType = image.png; path = "2Stars@2x.png"; sourceTree = "<group>"; };
		D03ED22519C58A5C0057B927 /* 2StarsSmall.png */ = {isa = PBXFileReference; lastKnownFileType = image.png; path = 2StarsSmall.png; sourceTree = "<group>"; };
		D03ED22619C58A5C0057B927 /* 2StarsSmall@2x.png */ = {isa = PBXFileReference; lastKnownFileType = image.png; path = "2StarsSmall@2x.png"; sourceTree = "<group>"; };
		D03ED22719C58A5C0057B927 /* 3Stars.png */ = {isa = PBXFileReference; lastKnownFileType = image.png; path = 3Stars.png; sourceTree = "<group>"; };
		D03ED22819C58A5C0057B927 /* 3Stars@2x.png */ = {isa = PBXFileReference; lastKnownFileType = image.png; path = "3Stars@2x.png"; sourceTree = "<group>"; };
		D03ED22919C58A5C0057B927 /* 3StarsSmall.png */ = {isa = PBXFileReference; lastKnownFileType = image.png; path = 3StarsSmall.png; sourceTree = "<group>"; };
		D03ED22A19C58A5C0057B927 /* 3StarsSmall@2x.png */ = {isa = PBXFileReference; lastKnownFileType = image.png; path = "3StarsSmall@2x.png"; sourceTree = "<group>"; };
		D03ED22B19C58A5C0057B927 /* 4Stars.png */ = {isa = PBXFileReference; lastKnownFileType = image.png; path = 4Stars.png; sourceTree = "<group>"; };
		D03ED22C19C58A5C0057B927 /* 4Stars@2x.png */ = {isa = PBXFileReference; lastKnownFileType = image.png; path = "4Stars@2x.png"; sourceTree = "<group>"; };
		D03ED22D19C58A5C0057B927 /* 4StarsSmall.png */ = {isa = PBXFileReference; lastKnownFileType = image.png; path = 4StarsSmall.png; sourceTree = "<group>"; };
		D03ED22E19C58A5C0057B927 /* 4StarsSmall@2x.png */ = {isa = PBXFileReference; lastKnownFileType = image.png; path = "4StarsSmall@2x.png"; sourceTree = "<group>"; };
		D03ED22F19C58A5C0057B927 /* 5Stars.png */ = {isa = PBXFileReference; lastKnownFileType = image.png; path = 5Stars.png; sourceTree = "<group>"; };
		D03ED23019C58A5C0057B927 /* 5Stars@2x.png */ = {isa = PBXFileReference; lastKnownFileType = image.png; path = "5Stars@2x.png"; sourceTree = "<group>"; };
		D03ED23119C58A5C0057B927 /* 5StarsSmall.png */ = {isa = PBXFileReference; lastKnownFileType = image.png; path = 5StarsSmall.png; sourceTree = "<group>"; };
		D03ED23219C58A5C0057B927 /* 5StarsSmall@2x.png */ = {isa = PBXFileReference; lastKnownFileType = image.png; path = "5StarsSmall@2x.png"; sourceTree = "<group>"; };
		D03ED23319C58A5C0057B927 /* Gestures.png */ = {isa = PBXFileReference; lastKnownFileType = image.png; path = Gestures.png; sourceTree = "<group>"; };
		D03ED23419C58A5C0057B927 /* Gestures@2x.png */ = {isa = PBXFileReference; lastKnownFileType = image.png; path = "Gestures@2x.png"; sourceTree = "<group>"; };
		D03ED23519C58A5C0057B927 /* Players.png */ = {isa = PBXFileReference; lastKnownFileType = image.png; path = Players.png; sourceTree = "<group>"; };
		D03ED23619C58A5C0057B927 /* Players@2x.png */ = {isa = PBXFileReference; lastKnownFileType = image.png; path = "Players@2x.png"; sourceTree = "<group>"; };
		D03ED25119C8D8700057B927 /* AddEditGigViewController.swift */ = {isa = PBXFileReference; fileEncoding = 4; lastKnownFileType = sourcecode.swift; path = AddEditGigViewController.swift; sourceTree = "<group>"; };
		D0BD908319CB53FC0051E1AA /* GigTimeline.swift */ = {isa = PBXFileReference; fileEncoding = 4; lastKnownFileType = sourcecode.swift; path = GigTimeline.swift; sourceTree = "<group>"; };
		D0D9674F19CD9EE2004E48AA /* Gig.swift */ = {isa = PBXFileReference; fileEncoding = 4; lastKnownFileType = sourcecode.swift; path = Gig.swift; sourceTree = "<group>"; };
		D0D9675119CD9F2B004E48AA /* Artist.swift */ = {isa = PBXFileReference; fileEncoding = 4; lastKnownFileType = sourcecode.swift; path = Artist.swift; sourceTree = "<group>"; };
		D0D9675319CD9F2B004E48AA /* Performance.swift */ = {isa = PBXFileReference; fileEncoding = 4; lastKnownFileType = sourcecode.swift; path = Performance.swift; sourceTree = "<group>"; };
/* End PBXFileReference section */

/* Begin PBXFrameworksBuildPhase section */
		D03ED1E919C42A960057B927 /* Frameworks */ = {
			isa = PBXFrameworksBuildPhase;
			buildActionMask = 2147483647;
			files = (
			);
			runOnlyForDeploymentPostprocessing = 0;
		};
		D03ED20119C42A960057B927 /* Frameworks */ = {
			isa = PBXFrameworksBuildPhase;
			buildActionMask = 2147483647;
			files = (
			);
			runOnlyForDeploymentPostprocessing = 0;
		};
/* End PBXFrameworksBuildPhase section */

/* Begin PBXGroup section */
		D00C2F1419D21A13009C7218 /* Models */ = {
			isa = PBXGroup;
			children = (
				D0D9674F19CD9EE2004E48AA /* Gig.swift */,
				D0D9675119CD9F2B004E48AA /* Artist.swift */,
				D0D9675319CD9F2B004E48AA /* Performance.swift */,
				D0BD908319CB53FC0051E1AA /* GigTimeline.swift */,
			);
			name = Models;
			sourceTree = "<group>";
		};
		D00C2F1519D21A4E009C7218 /* Controllers */ = {
			isa = PBXGroup;
			children = (
				D03ED25119C8D8700057B927 /* AddEditGigViewController.swift */,
				D03ED21419C42B4A0057B927 /* GigTimelineViewController.swift */,
			);
			name = Controllers;
			sourceTree = "<group>";
		};
		D00C2F1619D21A86009C7218 /* Views */ = {
			isa = PBXGroup;
			children = (
				D03ED21819C57E390057B927 /* GigCell.swift */,
			);
			name = Views;
			sourceTree = "<group>";
		};
		D03ED1E319C42A960057B927 = {
			isa = PBXGroup;
			children = (
				D03ED1EE19C42A960057B927 /* GigCarousel */,
				D03ED20719C42A960057B927 /* GigCarouselTests */,
				D03ED1ED19C42A960057B927 /* Products */,
			);
			sourceTree = "<group>";
		};
		D03ED1ED19C42A960057B927 /* Products */ = {
			isa = PBXGroup;
			children = (
				D03ED1EC19C42A960057B927 /* GigCarousel.app */,
				D03ED20419C42A960057B927 /* GigCarouselTests.xctest */,
			);
			name = Products;
			sourceTree = "<group>";
		};
		D03ED1EE19C42A960057B927 /* GigCarousel */ = {
			isa = PBXGroup;
			children = (
				D00C2F1619D21A86009C7218 /* Views */,
				D00C2F1519D21A4E009C7218 /* Controllers */,
				D00C2F1419D21A13009C7218 /* Models */,
				D03ED1F119C42A960057B927 /* AppDelegate.swift */,
				D03ED1F819C42A960057B927 /* Main.storyboard */,
				D03ED21B19C580070057B927 /* TemplateIcon2x.png */,
				D03ED1FB19C42A960057B927 /* Images.xcassets */,
				D03ED21E19C58A5C0057B927 /* Images */,
				D03ED1FD19C42A960057B927 /* LaunchScreen.xib */,
				D03ED1F319C42A960057B927 /* GigCarousel.xcdatamodeld */,
				D03ED1EF19C42A960057B927 /* Supporting Files */,
			);
			path = GigCarousel;
			sourceTree = "<group>";
		};
		D03ED1EF19C42A960057B927 /* Supporting Files */ = {
			isa = PBXGroup;
			children = (
				D03ED1F019C42A960057B927 /* Info.plist */,
			);
			name = "Supporting Files";
			sourceTree = "<group>";
		};
		D03ED20719C42A960057B927 /* GigCarouselTests */ = {
			isa = PBXGroup;
			children = (
				D03ED20A19C42A960057B927 /* GigCarouselTests.swift */,
				D03ED20819C42A960057B927 /* Supporting Files */,
			);
			path = GigCarouselTests;
			sourceTree = "<group>";
		};
		D03ED20819C42A960057B927 /* Supporting Files */ = {
			isa = PBXGroup;
			children = (
				D03ED20919C42A960057B927 /* Info.plist */,
			);
			name = "Supporting Files";
			sourceTree = "<group>";
		};
		D03ED21E19C58A5C0057B927 /* Images */ = {
			isa = PBXGroup;
			children = (
				D03ED21F19C58A5C0057B927 /* 1Star.png */,
				D03ED22019C58A5C0057B927 /* 1Star@2x.png */,
				D03ED22119C58A5C0057B927 /* 1StarSmall.png */,
				D03ED22219C58A5C0057B927 /* 1StarSmall@2x.png */,
				D03ED22319C58A5C0057B927 /* 2Stars.png */,
				D03ED22419C58A5C0057B927 /* 2Stars@2x.png */,
				D03ED22519C58A5C0057B927 /* 2StarsSmall.png */,
				D03ED22619C58A5C0057B927 /* 2StarsSmall@2x.png */,
				D03ED22719C58A5C0057B927 /* 3Stars.png */,
				D03ED22819C58A5C0057B927 /* 3Stars@2x.png */,
				D03ED22919C58A5C0057B927 /* 3StarsSmall.png */,
				D03ED22A19C58A5C0057B927 /* 3StarsSmall@2x.png */,
				D03ED22B19C58A5C0057B927 /* 4Stars.png */,
				D03ED22C19C58A5C0057B927 /* 4Stars@2x.png */,
				D03ED22D19C58A5C0057B927 /* 4StarsSmall.png */,
				D03ED22E19C58A5C0057B927 /* 4StarsSmall@2x.png */,
				D03ED22F19C58A5C0057B927 /* 5Stars.png */,
				D03ED23019C58A5C0057B927 /* 5Stars@2x.png */,
				D03ED23119C58A5C0057B927 /* 5StarsSmall.png */,
				D03ED23219C58A5C0057B927 /* 5StarsSmall@2x.png */,
				D03ED23319C58A5C0057B927 /* Gestures.png */,
				D03ED23419C58A5C0057B927 /* Gestures@2x.png */,
				D03ED23519C58A5C0057B927 /* Players.png */,
				D03ED23619C58A5C0057B927 /* Players@2x.png */,
			);
			path = Images;
			sourceTree = "<group>";
		};
/* End PBXGroup section */

/* Begin PBXNativeTarget section */
		D03ED1EB19C42A960057B927 /* GigCarousel */ = {
			isa = PBXNativeTarget;
			buildConfigurationList = D03ED20E19C42A960057B927 /* Build configuration list for PBXNativeTarget "GigCarousel" */;
			buildPhases = (
				D03ED1E819C42A960057B927 /* Sources */,
				D03ED1E919C42A960057B927 /* Frameworks */,
				D03ED1EA19C42A960057B927 /* Resources */,
			);
			buildRules = (
			);
			dependencies = (
			);
			name = GigCarousel;
			productName = GigCarousel;
			productReference = D03ED1EC19C42A960057B927 /* GigCarousel.app */;
			productType = "com.apple.product-type.application";
		};
		D03ED20319C42A960057B927 /* GigCarouselTests */ = {
			isa = PBXNativeTarget;
			buildConfigurationList = D03ED21119C42A960057B927 /* Build configuration list for PBXNativeTarget "GigCarouselTests" */;
			buildPhases = (
				D03ED20019C42A960057B927 /* Sources */,
				D03ED20119C42A960057B927 /* Frameworks */,
				D03ED20219C42A960057B927 /* Resources */,
			);
			buildRules = (
			);
			dependencies = (
				D03ED20619C42A960057B927 /* PBXTargetDependency */,
			);
			name = GigCarouselTests;
			productName = GigCarouselTests;
			productReference = D03ED20419C42A960057B927 /* GigCarouselTests.xctest */;
			productType = "com.apple.product-type.bundle.unit-test";
		};
/* End PBXNativeTarget section */

/* Begin PBXProject section */
		D03ED1E419C42A960057B927 /* Project object */ = {
			isa = PBXProject;
			attributes = {
				LastUpgradeCheck = 0600;
				ORGANIZATIONNAME = "Paul Lawson";
				TargetAttributes = {
					D03ED1EB19C42A960057B927 = {
						CreatedOnToolsVersion = 6.0;
					};
					D03ED20319C42A960057B927 = {
						CreatedOnToolsVersion = 6.0;
						TestTargetID = D03ED1EB19C42A960057B927;
					};
				};
			};
			buildConfigurationList = D03ED1E719C42A960057B927 /* Build configuration list for PBXProject "GigCarousel" */;
			compatibilityVersion = "Xcode 3.2";
			developmentRegion = English;
			hasScannedForEncodings = 0;
			knownRegions = (
				en,
				Base,
			);
			mainGroup = D03ED1E319C42A960057B927;
			productRefGroup = D03ED1ED19C42A960057B927 /* Products */;
			projectDirPath = "";
			projectRoot = "";
			targets = (
				D03ED1EB19C42A960057B927 /* GigCarousel */,
				D03ED20319C42A960057B927 /* GigCarouselTests */,
			);
		};
/* End PBXProject section */

/* Begin PBXResourcesBuildPhase section */
		D03ED1EA19C42A960057B927 /* Resources */ = {
			isa = PBXResourcesBuildPhase;
			buildActionMask = 2147483647;
			files = (
				D03ED24519C58A5C0057B927 /* 4StarsSmall.png in Resources */,
				D03ED24319C58A5C0057B927 /* 4Stars.png in Resources */,
				D03ED23B19C58A5C0057B927 /* 2Stars.png in Resources */,
				D03ED23F19C58A5C0057B927 /* 3Stars.png in Resources */,
				D03ED24219C58A5C0057B927 /* 3StarsSmall@2x.png in Resources */,
				D03ED24919C58A5C0057B927 /* 5StarsSmall.png in Resources */,
				D03ED21D19C580070057B927 /* TemplateIcon2x.png in Resources */,
				D03ED23D19C58A5C0057B927 /* 2StarsSmall.png in Resources */,
				D03ED1FA19C42A960057B927 /* Main.storyboard in Resources */,
				D03ED23C19C58A5C0057B927 /* 2Stars@2x.png in Resources */,
				D03ED24D19C58A5C0057B927 /* Players.png in Resources */,
				D03ED24C19C58A5C0057B927 /* Gestures@2x.png in Resources */,
				D03ED24719C58A5C0057B927 /* 5Stars.png in Resources */,
				D03ED1FF19C42A960057B927 /* LaunchScreen.xib in Resources */,
				D03ED24019C58A5C0057B927 /* 3Stars@2x.png in Resources */,
				D03ED23A19C58A5C0057B927 /* 1StarSmall@2x.png in Resources */,
				D03ED24A19C58A5C0057B927 /* 5StarsSmall@2x.png in Resources */,
				D03ED24819C58A5C0057B927 /* 5Stars@2x.png in Resources */,
				D03ED1FC19C42A960057B927 /* Images.xcassets in Resources */,
				D03ED24E19C58A5C0057B927 /* Players@2x.png in Resources */,
				D03ED24619C58A5C0057B927 /* 4StarsSmall@2x.png in Resources */,
				D03ED24119C58A5C0057B927 /* 3StarsSmall.png in Resources */,
				D03ED23919C58A5C0057B927 /* 1StarSmall.png in Resources */,
				D03ED24B19C58A5C0057B927 /* Gestures.png in Resources */,
				D03ED23819C58A5C0057B927 /* 1Star@2x.png in Resources */,
				D03ED24419C58A5C0057B927 /* 4Stars@2x.png in Resources */,
				D03ED23E19C58A5C0057B927 /* 2StarsSmall@2x.png in Resources */,
				D03ED23719C58A5C0057B927 /* 1Star.png in Resources */,
			);
			runOnlyForDeploymentPostprocessing = 0;
		};
		D03ED20219C42A960057B927 /* Resources */ = {
			isa = PBXResourcesBuildPhase;
			buildActionMask = 2147483647;
			files = (
			);
			runOnlyForDeploymentPostprocessing = 0;
		};
/* End PBXResourcesBuildPhase section */

/* Begin PBXSourcesBuildPhase section */
		D03ED1E819C42A960057B927 /* Sources */ = {
			isa = PBXSourcesBuildPhase;
			buildActionMask = 2147483647;
			files = (
				D03ED21519C42B4A0057B927 /* GigTimelineViewController.swift in Sources */,
				D03ED21919C57E390057B927 /* GigCell.swift in Sources */,
				D03ED25219C8D8700057B927 /* AddEditGigViewController.swift in Sources */,
				D0D9675019CD9EE2004E48AA /* Gig.swift in Sources */,
				D03ED1F219C42A960057B927 /* AppDelegate.swift in Sources */,
				D03ED1F519C42A960057B927 /* GigCarousel.xcdatamodeld in Sources */,
				D0D9675419CD9F2B004E48AA /* Performance.swift in Sources */,
				D0D9675219CD9F2B004E48AA /* Artist.swift in Sources */,
				D0BD908419CB53FC0051E1AA /* GigTimeline.swift in Sources */,
			);
			runOnlyForDeploymentPostprocessing = 0;
		};
		D03ED20019C42A960057B927 /* Sources */ = {
			isa = PBXSourcesBuildPhase;
			buildActionMask = 2147483647;
			files = (
				D03ED20B19C42A960057B927 /* GigCarouselTests.swift in Sources */,
			);
			runOnlyForDeploymentPostprocessing = 0;
		};
/* End PBXSourcesBuildPhase section */

/* Begin PBXTargetDependency section */
		D03ED20619C42A960057B927 /* PBXTargetDependency */ = {
			isa = PBXTargetDependency;
			target = D03ED1EB19C42A960057B927 /* GigCarousel */;
			targetProxy = D03ED20519C42A960057B927 /* PBXContainerItemProxy */;
		};
/* End PBXTargetDependency section */

/* Begin PBXVariantGroup section */
		D03ED1F819C42A960057B927 /* Main.storyboard */ = {
			isa = PBXVariantGroup;
			children = (
				D03ED1F919C42A960057B927 /* Base */,
			);
			name = Main.storyboard;
			sourceTree = "<group>";
		};
		D03ED1FD19C42A960057B927 /* LaunchScreen.xib */ = {
			isa = PBXVariantGroup;
			children = (
				D03ED1FE19C42A960057B927 /* Base */,
			);
			name = LaunchScreen.xib;
			sourceTree = "<group>";
		};
/* End PBXVariantGroup section */

/* Begin XCBuildConfiguration section */
		D03ED20C19C42A960057B927 /* Debug */ = {
			isa = XCBuildConfiguration;
			buildSettings = {
				ALWAYS_SEARCH_USER_PATHS = NO;
				CLANG_CXX_LANGUAGE_STANDARD = "gnu++0x";
				CLANG_CXX_LIBRARY = "libc++";
				CLANG_ENABLE_MODULES = YES;
				CLANG_ENABLE_OBJC_ARC = YES;
				CLANG_WARN_BOOL_CONVERSION = YES;
				CLANG_WARN_CONSTANT_CONVERSION = YES;
				CLANG_WARN_DIRECT_OBJC_ISA_USAGE = YES_ERROR;
				CLANG_WARN_EMPTY_BODY = YES;
				CLANG_WARN_ENUM_CONVERSION = YES;
				CLANG_WARN_INT_CONVERSION = YES;
				CLANG_WARN_OBJC_ROOT_CLASS = YES_ERROR;
				CLANG_WARN_UNREACHABLE_CODE = YES;
				CLANG_WARN__DUPLICATE_METHOD_MATCH = YES;
				"CODE_SIGN_IDENTITY[sdk=iphoneos*]" = "iPhone Developer";
				COPY_PHASE_STRIP = NO;
				ENABLE_STRICT_OBJC_MSGSEND = YES;
				GCC_C_LANGUAGE_STANDARD = gnu99;
				GCC_DYNAMIC_NO_PIC = NO;
				GCC_OPTIMIZATION_LEVEL = 0;
				GCC_PREPROCESSOR_DEFINITIONS = (
					"DEBUG=1",
					"$(inherited)",
				);
				GCC_SYMBOLS_PRIVATE_EXTERN = NO;
				GCC_WARN_64_TO_32_BIT_CONVERSION = YES;
				GCC_WARN_ABOUT_RETURN_TYPE = YES_ERROR;
				GCC_WARN_UNDECLARED_SELECTOR = YES;
				GCC_WARN_UNINITIALIZED_AUTOS = YES_AGGRESSIVE;
				GCC_WARN_UNUSED_FUNCTION = YES;
				GCC_WARN_UNUSED_VARIABLE = YES;
				IPHONEOS_DEPLOYMENT_TARGET = 8.0;
				MTL_ENABLE_DEBUG_INFO = YES;
				ONLY_ACTIVE_ARCH = YES;
				SDKROOT = iphoneos;
				SWIFT_OPTIMIZATION_LEVEL = "-Onone";
			};
			name = Debug;
		};
		D03ED20D19C42A960057B927 /* Release */ = {
			isa = XCBuildConfiguration;
			buildSettings = {
				ALWAYS_SEARCH_USER_PATHS = NO;
				CLANG_CXX_LANGUAGE_STANDARD = "gnu++0x";
				CLANG_CXX_LIBRARY = "libc++";
				CLANG_ENABLE_MODULES = YES;
				CLANG_ENABLE_OBJC_ARC = YES;
				CLANG_WARN_BOOL_CONVERSION = YES;
				CLANG_WARN_CONSTANT_CONVERSION = YES;
				CLANG_WARN_DIRECT_OBJC_ISA_USAGE = YES_ERROR;
				CLANG_WARN_EMPTY_BODY = YES;
				CLANG_WARN_ENUM_CONVERSION = YES;
				CLANG_WARN_INT_CONVERSION = YES;
				CLANG_WARN_OBJC_ROOT_CLASS = YES_ERROR;
				CLANG_WARN_UNREACHABLE_CODE = YES;
				CLANG_WARN__DUPLICATE_METHOD_MATCH = YES;
				"CODE_SIGN_IDENTITY[sdk=iphoneos*]" = "iPhone Developer";
				COPY_PHASE_STRIP = YES;
				ENABLE_NS_ASSERTIONS = NO;
				ENABLE_STRICT_OBJC_MSGSEND = YES;
				GCC_C_LANGUAGE_STANDARD = gnu99;
				GCC_WARN_64_TO_32_BIT_CONVERSION = YES;
				GCC_WARN_ABOUT_RETURN_TYPE = YES_ERROR;
				GCC_WARN_UNDECLARED_SELECTOR = YES;
				GCC_WARN_UNINITIALIZED_AUTOS = YES_AGGRESSIVE;
				GCC_WARN_UNUSED_FUNCTION = YES;
				GCC_WARN_UNUSED_VARIABLE = YES;
				IPHONEOS_DEPLOYMENT_TARGET = 8.0;
				MTL_ENABLE_DEBUG_INFO = NO;
				SDKROOT = iphoneos;
				VALIDATE_PRODUCT = YES;
			};
			name = Release;
		};
		D03ED20F19C42A960057B927 /* Debug */ = {
			isa = XCBuildConfiguration;
			buildSettings = {
				ASSETCATALOG_COMPILER_APPICON_NAME = AppIcon;
				INFOPLIST_FILE = GigCarousel/Info.plist;
				IPHONEOS_DEPLOYMENT_TARGET = 8.0;
				LD_RUNPATH_SEARCH_PATHS = "$(inherited) @executable_path/Frameworks";
				PRODUCT_NAME = "$(TARGET_NAME)";
			};
			name = Debug;
		};
		D03ED21019C42A960057B927 /* Release */ = {
			isa = XCBuildConfiguration;
			buildSettings = {
				ASSETCATALOG_COMPILER_APPICON_NAME = AppIcon;
				INFOPLIST_FILE = GigCarousel/Info.plist;
				IPHONEOS_DEPLOYMENT_TARGET = 8.0;
				LD_RUNPATH_SEARCH_PATHS = "$(inherited) @executable_path/Frameworks";
				PRODUCT_NAME = "$(TARGET_NAME)";
			};
			name = Release;
		};
		D03ED21219C42A960057B927 /* Debug */ = {
			isa = XCBuildConfiguration;
			buildSettings = {
				BUNDLE_LOADER = "$(TEST_HOST)";
				FRAMEWORK_SEARCH_PATHS = (
					"$(SDKROOT)/Developer/Library/Frameworks",
					"$(inherited)",
				);
				GCC_PREPROCESSOR_DEFINITIONS = (
					"DEBUG=1",
					"$(inherited)",
				);
				INFOPLIST_FILE = GigCarouselTests/Info.plist;
				LD_RUNPATH_SEARCH_PATHS = "$(inherited) @executable_path/Frameworks @loader_path/Frameworks";
				PRODUCT_NAME = "$(TARGET_NAME)";
				TEST_HOST = "$(BUILT_PRODUCTS_DIR)/GigCarousel.app/GigCarousel";
			};
			name = Debug;
		};
		D03ED21319C42A960057B927 /* Release */ = {
			isa = XCBuildConfiguration;
			buildSettings = {
				BUNDLE_LOADER = "$(TEST_HOST)";
				FRAMEWORK_SEARCH_PATHS = (
					"$(SDKROOT)/Developer/Library/Frameworks",
					"$(inherited)",
				);
				INFOPLIST_FILE = GigCarouselTests/Info.plist;
				LD_RUNPATH_SEARCH_PATHS = "$(inherited) @executable_path/Frameworks @loader_path/Frameworks";
				PRODUCT_NAME = "$(TARGET_NAME)";
				TEST_HOST = "$(BUILT_PRODUCTS_DIR)/GigCarousel.app/GigCarousel";
			};
			name = Release;
		};
/* End XCBuildConfiguration section */

/* Begin XCConfigurationList section */
		D03ED1E719C42A960057B927 /* Build configuration list for PBXProject "GigCarousel" */ = {
			isa = XCConfigurationList;
			buildConfigurations = (
				D03ED20C19C42A960057B927 /* Debug */,
				D03ED20D19C42A960057B927 /* Release */,
			);
			defaultConfigurationIsVisible = 0;
			defaultConfigurationName = Release;
		};
		D03ED20E19C42A960057B927 /* Build configuration list for PBXNativeTarget "GigCarousel" */ = {
			isa = XCConfigurationList;
			buildConfigurations = (
				D03ED20F19C42A960057B927 /* Debug */,
				D03ED21019C42A960057B927 /* Release */,
			);
			defaultConfigurationIsVisible = 0;
			defaultConfigurationName = Release;
		};
		D03ED21119C42A960057B927 /* Build configuration list for PBXNativeTarget "GigCarouselTests" */ = {
			isa = XCConfigurationList;
			buildConfigurations = (
				D03ED21219C42A960057B927 /* Debug */,
				D03ED21319C42A960057B927 /* Release */,
			);
			defaultConfigurationIsVisible = 0;
			defaultConfigurationName = Release;
		};
/* End XCConfigurationList section */

/* Begin XCVersionGroup section */
		D03ED1F319C42A960057B927 /* GigCarousel.xcdatamodeld */ = {
			isa = XCVersionGroup;
			children = (
				D03ED1F419C42A960057B927 /* GigCarousel.xcdatamodel */,
			);
			currentVersion = D03ED1F419C42A960057B927 /* GigCarousel.xcdatamodel */;
			path = GigCarousel.xcdatamodeld;
			sourceTree = "<group>";
			versionGroupType = wrapper.xcdatamodel;
		};
/* End XCVersionGroup section */
	};
	rootObject = D03ED1E419C42A960057B927 /* Project object */;
}
